
Microsoft Visual Studio Solution File, Format Version 12.00
# Visual Studio Version 17
VisualStudioVersion = 17.3.32825.248
MinimumVisualStudioVersion = 10.0.40219.1
Project("{9A19103F-16F7-4668-BE54-9A1E7A4F7556}") = "WebApi", "WebApi\WebApi.csproj", "{12D62566-7B8B-4843-BD45-AD55BBD2BB1A}"
EndProject
Project("{FAE04EC0-301F-11D3-BF4B-00C04F79EFBC}") = "AppServices", "AppServices\AppServices.csproj", "{30AE7D4B-E9B5-4ECA-BE46-95297DED77CC}"
EndProject
Project("{FAE04EC0-301F-11D3-BF4B-00C04F79EFBC}") = "DomainModels", "DomainModels\DomainModels.csproj", "{DA1DAAE6-05DA-42DF-AA3E-D4ED35683E55}"
EndProject
Project("{FAE04EC0-301F-11D3-BF4B-00C04F79EFBC}") = "DomainServices", "DomainServices\DomainServices.csproj", "{2B0FD40B-D5B4-46FE-8713-6DCB090B1296}"
EndProject
Global
	GlobalSection(SolutionConfigurationPlatforms) = preSolution
		Debug|Any CPU = Debug|Any CPU
		Release|Any CPU = Release|Any CPU
	EndGlobalSection
	GlobalSection(ProjectConfigurationPlatforms) = postSolution
		{12D62566-7B8B-4843-BD45-AD55BBD2BB1A}.Debug|Any CPU.ActiveCfg = Debug|Any CPU
		{12D62566-7B8B-4843-BD45-AD55BBD2BB1A}.Debug|Any CPU.Build.0 = Debug|Any CPU
		{12D62566-7B8B-4843-BD45-AD55BBD2BB1A}.Release|Any CPU.ActiveCfg = Release|Any CPU
		{12D62566-7B8B-4843-BD45-AD55BBD2BB1A}.Release|Any CPU.Build.0 = Release|Any CPU
		{30AE7D4B-E9B5-4ECA-BE46-95297DED77CC}.Debug|Any CPU.ActiveCfg = Debug|Any CPU
		{30AE7D4B-E9B5-4ECA-BE46-95297DED77CC}.Debug|Any CPU.Build.0 = Debug|Any CPU
		{30AE7D4B-E9B5-4ECA-BE46-95297DED77CC}.Release|Any CPU.ActiveCfg = Release|Any CPU
		{30AE7D4B-E9B5-4ECA-BE46-95297DED77CC}.Release|Any CPU.Build.0 = Release|Any CPU
		{DA1DAAE6-05DA-42DF-AA3E-D4ED35683E55}.Debug|Any CPU.ActiveCfg = Debug|Any CPU
		{DA1DAAE6-05DA-42DF-AA3E-D4ED35683E55}.Debug|Any CPU.Build.0 = Debug|Any CPU
		{DA1DAAE6-05DA-42DF-AA3E-D4ED35683E55}.Release|Any CPU.ActiveCfg = Release|Any CPU
		{DA1DAAE6-05DA-42DF-AA3E-D4ED35683E55}.Release|Any CPU.Build.0 = Release|Any CPU
		{2B0FD40B-D5B4-46FE-8713-6DCB090B1296}.Debug|Any CPU.ActiveCfg = Debug|Any CPU
		{2B0FD40B-D5B4-46FE-8713-6DCB090B1296}.Debug|Any CPU.Build.0 = Debug|Any CPU
		{2B0FD40B-D5B4-46FE-8713-6DCB090B1296}.Release|Any CPU.ActiveCfg = Release|Any CPU
		{2B0FD40B-D5B4-46FE-8713-6DCB090B1296}.Release|Any CPU.Build.0 = Release|Any CPU
	EndGlobalSection
	GlobalSection(SolutionProperties) = preSolution
		HideSolutionNode = FALSE
	EndGlobalSection
	GlobalSection(ExtensibilityGlobals) = postSolution
		SolutionGuid = {C27A979E-76DE-425F-858D-7CFBEC13CAAF}
	EndGlobalSection
EndGlobal
